
Microsoft Visual Studio Solution File, Format Version 12.00
# Visual Studio Version 17
VisualStudioVersion = 17.3.32901.215
MinimumVisualStudioVersion = 10.0.40219.1
Project("{2150E333-8FDC-42A3-9474-1A3956D46DE8}") = "src", "src", "{39937780-F74E-4321-A1DB-9BB56DDB0F5F}"
EndProject
Project("{2150E333-8FDC-42A3-9474-1A3956D46DE8}") = "tests", "tests", "{943591C8-A528-4829-8AD9-3BF94E78B1FC}"
EndProject
Project("{2150E333-8FDC-42A3-9474-1A3956D46DE8}") = "corePackages", "corePackages", "{343332A1-EAE2-4114-BAA7-672AC82FA29F}"
EndProject
Project("{2150E333-8FDC-42A3-9474-1A3956D46DE8}") = "projects", "projects", "{45F25B7F-3F89-44EC-AF61-F4B2646BDA35}"
EndProject
Project("{FAE04EC0-301F-11D3-BF4B-00C04F79EFBC}") = "Core.Persistence", "src\corePackages\Core.Persistence\Core.Persistence.csproj", "{3615B46E-493A-4B71-9981-74A2810B196D}"
EndProject
Project("{FAE04EC0-301F-11D3-BF4B-00C04F79EFBC}") = "Core.Security", "src\corePackages\Core.Security\Core.Security.csproj", "{71C7FC62-C19A-4EAB-BC6A-5864CEA78ED7}"
EndProject
Project("{FAE04EC0-301F-11D3-BF4B-00C04F79EFBC}") = "Core.Application", "src\corePackages\Core.Application\Core.Application.csproj", "{8CFBA67F-BD56-43EA-B103-A1846DA77B70}"
EndProject
Project("{FAE04EC0-301F-11D3-BF4B-00C04F79EFBC}") = "Core.CrossCuttingConcerns", "src\corePackages\Core.CrossCuttingConcerns\Core.CrossCuttingConcerns.csproj", "{9CB79BC1-80C9-4534-AFA3-8A342D2FDD79}"
EndProject
Project("{FAE04EC0-301F-11D3-BF4B-00C04F79EFBC}") = "Core.ElasticSearch", "src\corePackages\Core.ElasticSearch\Core.ElasticSearch.csproj", "{A37C0B75-FE4C-47C2-BC1B-CB1AB4FBEB85}"
EndProject
Project("{FAE04EC0-301F-11D3-BF4B-00C04F79EFBC}") = "Core.Mailing", "src\corePackages\Core.Mailing\Core.Mailing.csproj", "{C5A24228-0179-4A28-A56C-326701700F2C}"
EndProject
Project("{2150E333-8FDC-42A3-9474-1A3956D46DE8}") = "devs", "devs", "{58D2826B-42FE-4E0B-8D79-8AACFEBEC2A5}"
EndProject
Project("{FAE04EC0-301F-11D3-BF4B-00C04F79EFBC}") = "Devs.Application", "src\projects\devs\Devs.Application\Devs.Application.csproj", "{40DB1319-67FE-4F08-93F0-257B5F3432A3}"
EndProject
Project("{FAE04EC0-301F-11D3-BF4B-00C04F79EFBC}") = "Devs.Domain", "src\projects\devs\Devs.Domain\Devs.Domain.csproj", "{4768EBAD-C5B7-4BF8-BBC0-E4E4CA8C8209}"
EndProject
Project("{FAE04EC0-301F-11D3-BF4B-00C04F79EFBC}") = "Devs.Infrastructure", "src\projects\devs\Devs.Infrastructure\Devs.Infrastructure.csproj", "{DC680EEB-31F6-4FE4-AF27-F0500043430A}"
EndProject
Project("{FAE04EC0-301F-11D3-BF4B-00C04F79EFBC}") = "Devs.Persistence", "src\projects\devs\Devs.Persistence\Devs.Persistence.csproj", "{21A974A9-81F1-4594-B1AB-71FD5A8E84BB}"
EndProject
Project("{FAE04EC0-301F-11D3-BF4B-00C04F79EFBC}") = "Devs.WebAPI", "src\projects\devs\Devs.WebAPI\Devs.WebAPI.csproj", "{E844040F-3641-45BC-B765-24CA1B3BCC3D}"
EndProject
Global
	GlobalSection(SolutionConfigurationPlatforms) = preSolution
		Debug|Any CPU = Debug|Any CPU
		Release|Any CPU = Release|Any CPU
	EndGlobalSection
	GlobalSection(ProjectConfigurationPlatforms) = postSolution
		{3615B46E-493A-4B71-9981-74A2810B196D}.Debug|Any CPU.ActiveCfg = Debug|Any CPU
		{3615B46E-493A-4B71-9981-74A2810B196D}.Debug|Any CPU.Build.0 = Debug|Any CPU
		{3615B46E-493A-4B71-9981-74A2810B196D}.Release|Any CPU.ActiveCfg = Release|Any CPU
		{3615B46E-493A-4B71-9981-74A2810B196D}.Release|Any CPU.Build.0 = Release|Any CPU
		{71C7FC62-C19A-4EAB-BC6A-5864CEA78ED7}.Debug|Any CPU.ActiveCfg = Debug|Any CPU
		{71C7FC62-C19A-4EAB-BC6A-5864CEA78ED7}.Debug|Any CPU.Build.0 = Debug|Any CPU
		{71C7FC62-C19A-4EAB-BC6A-5864CEA78ED7}.Release|Any CPU.ActiveCfg = Release|Any CPU
		{71C7FC62-C19A-4EAB-BC6A-5864CEA78ED7}.Release|Any CPU.Build.0 = Release|Any CPU
		{8CFBA67F-BD56-43EA-B103-A1846DA77B70}.Debug|Any CPU.ActiveCfg = Debug|Any CPU
		{8CFBA67F-BD56-43EA-B103-A1846DA77B70}.Debug|Any CPU.Build.0 = Debug|Any CPU
		{8CFBA67F-BD56-43EA-B103-A1846DA77B70}.Release|Any CPU.ActiveCfg = Release|Any CPU
		{8CFBA67F-BD56-43EA-B103-A1846DA77B70}.Release|Any CPU.Build.0 = Release|Any CPU
		{9CB79BC1-80C9-4534-AFA3-8A342D2FDD79}.Debug|Any CPU.ActiveCfg = Debug|Any CPU
		{9CB79BC1-80C9-4534-AFA3-8A342D2FDD79}.Debug|Any CPU.Build.0 = Debug|Any CPU
		{9CB79BC1-80C9-4534-AFA3-8A342D2FDD79}.Release|Any CPU.ActiveCfg = Release|Any CPU
		{9CB79BC1-80C9-4534-AFA3-8A342D2FDD79}.Release|Any CPU.Build.0 = Release|Any CPU
		{A37C0B75-FE4C-47C2-BC1B-CB1AB4FBEB85}.Debug|Any CPU.ActiveCfg = Debug|Any CPU
		{A37C0B75-FE4C-47C2-BC1B-CB1AB4FBEB85}.Debug|Any CPU.Build.0 = Debug|Any CPU
		{A37C0B75-FE4C-47C2-BC1B-CB1AB4FBEB85}.Release|Any CPU.ActiveCfg = Release|Any CPU
		{A37C0B75-FE4C-47C2-BC1B-CB1AB4FBEB85}.Release|Any CPU.Build.0 = Release|Any CPU
		{C5A24228-0179-4A28-A56C-326701700F2C}.Debug|Any CPU.ActiveCfg = Debug|Any CPU
		{C5A24228-0179-4A28-A56C-326701700F2C}.Debug|Any CPU.Build.0 = Debug|Any CPU
		{C5A24228-0179-4A28-A56C-326701700F2C}.Release|Any CPU.ActiveCfg = Release|Any CPU
		{C5A24228-0179-4A28-A56C-326701700F2C}.Release|Any CPU.Build.0 = Release|Any CPU
		{40DB1319-67FE-4F08-93F0-257B5F3432A3}.Debug|Any CPU.ActiveCfg = Debug|Any CPU
		{40DB1319-67FE-4F08-93F0-257B5F3432A3}.Debug|Any CPU.Build.0 = Debug|Any CPU
		{40DB1319-67FE-4F08-93F0-257B5F3432A3}.Release|Any CPU.ActiveCfg = Release|Any CPU
		{40DB1319-67FE-4F08-93F0-257B5F3432A3}.Release|Any CPU.Build.0 = Release|Any CPU
		{4768EBAD-C5B7-4BF8-BBC0-E4E4CA8C8209}.Debug|Any CPU.ActiveCfg = Debug|Any CPU
		{4768EBAD-C5B7-4BF8-BBC0-E4E4CA8C8209}.Debug|Any CPU.Build.0 = Debug|Any CPU
		{4768EBAD-C5B7-4BF8-BBC0-E4E4CA8C8209}.Release|Any CPU.ActiveCfg = Release|Any CPU
		{4768EBAD-C5B7-4BF8-BBC0-E4E4CA8C8209}.Release|Any CPU.Build.0 = Release|Any CPU
		{DC680EEB-31F6-4FE4-AF27-F0500043430A}.Debug|Any CPU.ActiveCfg = Debug|Any CPU
		{DC680EEB-31F6-4FE4-AF27-F0500043430A}.Debug|Any CPU.Build.0 = Debug|Any CPU
		{DC680EEB-31F6-4FE4-AF27-F0500043430A}.Release|Any CPU.ActiveCfg = Release|Any CPU
		{DC680EEB-31F6-4FE4-AF27-F0500043430A}.Release|Any CPU.Build.0 = Release|Any CPU
		{21A974A9-81F1-4594-B1AB-71FD5A8E84BB}.Debug|Any CPU.ActiveCfg = Debug|Any CPU
		{21A974A9-81F1-4594-B1AB-71FD5A8E84BB}.Debug|Any CPU.Build.0 = Debug|Any CPU
		{21A974A9-81F1-4594-B1AB-71FD5A8E84BB}.Release|Any CPU.ActiveCfg = Release|Any CPU
		{21A974A9-81F1-4594-B1AB-71FD5A8E84BB}.Release|Any CPU.Build.0 = Release|Any CPU
		{E844040F-3641-45BC-B765-24CA1B3BCC3D}.Debug|Any CPU.ActiveCfg = Debug|Any CPU
		{E844040F-3641-45BC-B765-24CA1B3BCC3D}.Debug|Any CPU.Build.0 = Debug|Any CPU
		{E844040F-3641-45BC-B765-24CA1B3BCC3D}.Release|Any CPU.ActiveCfg = Release|Any CPU
		{E844040F-3641-45BC-B765-24CA1B3BCC3D}.Release|Any CPU.Build.0 = Release|Any CPU
	EndGlobalSection
	GlobalSection(SolutionProperties) = preSolution
		HideSolutionNode = FALSE
	EndGlobalSection
	GlobalSection(NestedProjects) = preSolution
		{343332A1-EAE2-4114-BAA7-672AC82FA29F} = {39937780-F74E-4321-A1DB-9BB56DDB0F5F}
		{45F25B7F-3F89-44EC-AF61-F4B2646BDA35} = {39937780-F74E-4321-A1DB-9BB56DDB0F5F}
		{3615B46E-493A-4B71-9981-74A2810B196D} = {343332A1-EAE2-4114-BAA7-672AC82FA29F}
		{71C7FC62-C19A-4EAB-BC6A-5864CEA78ED7} = {343332A1-EAE2-4114-BAA7-672AC82FA29F}
		{8CFBA67F-BD56-43EA-B103-A1846DA77B70} = {343332A1-EAE2-4114-BAA7-672AC82FA29F}
		{9CB79BC1-80C9-4534-AFA3-8A342D2FDD79} = {343332A1-EAE2-4114-BAA7-672AC82FA29F}
		{A37C0B75-FE4C-47C2-BC1B-CB1AB4FBEB85} = {343332A1-EAE2-4114-BAA7-672AC82FA29F}
		{C5A24228-0179-4A28-A56C-326701700F2C} = {343332A1-EAE2-4114-BAA7-672AC82FA29F}
		{58D2826B-42FE-4E0B-8D79-8AACFEBEC2A5} = {45F25B7F-3F89-44EC-AF61-F4B2646BDA35}
		{40DB1319-67FE-4F08-93F0-257B5F3432A3} = {58D2826B-42FE-4E0B-8D79-8AACFEBEC2A5}
		{4768EBAD-C5B7-4BF8-BBC0-E4E4CA8C8209} = {58D2826B-42FE-4E0B-8D79-8AACFEBEC2A5}
		{DC680EEB-31F6-4FE4-AF27-F0500043430A} = {58D2826B-42FE-4E0B-8D79-8AACFEBEC2A5}
		{21A974A9-81F1-4594-B1AB-71FD5A8E84BB} = {58D2826B-42FE-4E0B-8D79-8AACFEBEC2A5}
		{E844040F-3641-45BC-B765-24CA1B3BCC3D} = {58D2826B-42FE-4E0B-8D79-8AACFEBEC2A5}
	EndGlobalSection
	GlobalSection(ExtensibilityGlobals) = postSolution
		SolutionGuid = {B5F74F5F-9346-4DBF-B585-68F88D363CD9}
	EndGlobalSection
EndGlobal
